<?xml version="1.0" encoding="utf-8"?>
<Project ToolsVersion="4.0" xmlns="http://schemas.microsoft.com/developer/msbuild/2003">
  <ItemGroup>
    <Filter Include="Source Files">
      <UniqueIdentifier>{4FC737F1-C7A5-4376-A066-2A32D752A2FF}</UniqueIdentifier>
      <Extensions>cpp;c;cc;cxx;def;odl;idl;hpj;bat;asm;asmx</Extensions>
    </Filter>
    <Filter Include="Header Files">
      <UniqueIdentifier>{93995380-89BD-4b04-88EB-625FBE52EBFB}</UniqueIdentifier>
      <Extensions>h;hh;hpp;hxx;hm;inl;inc;ipp;xsd</Extensions>
    </Filter>
    <Filter Include="Resource Files">
      <UniqueIdentifier>{67DA6AB6-F800-4c08-8B7A-83BB121AAD01}</UniqueIdentifier>
      <Extensions>rc;ico;cur;bmp;dlg;rc2;rct;bin;rgs;gif;jpg;jpeg;jpe;resx;tiff;tif;png;wav;mfcribbon-ms</Extensions>
    </Filter>
  </ItemGroup>
  <ItemGroup>
    <ClInclude Include="src\gscene\shape.h">
      <Filter>Header Files</Filter>
    </ClInclude>
    <ClInclude Include="src\gscene\scene.h">
      <Filter>Header Files</Filter>
    </ClInclude>
    <ClInclude Include="src\gscene\ray_hit.h">
      <Filter>Header Files</Filter>
    </ClInclude>
    <ClInclude Include="src\gscene\object.h">
      <Filter>Header Files</Filter>
    </ClInclude>
    <ClInclude Include="src\gscene\common.h">
      <Filter>Header Files</Filter>
    </ClInclude>
    <ClInclude Include="src\gscene\light.h">
      <Filter>Header Files</Filter>
    </ClInclude>
    <ClInclude Include="src\gscene\shapes\sphere.h">
      <Filter>Header Files</Filter>
    </ClInclude>
    <ClInclude Include="src\gmath\direction.h">
      <Filter>Header Files</Filter>
    </ClInclude>
    <ClInclude Include="src\gmath\position.h">
      <Filter>Header Files</Filter>
    </ClInclude>
    <ClInclude Include="src\gmath\ray.h">
      <Filter>Header Files</Filter>
    </ClInclude>
    <ClInclude Include="src\gmath\Transform.h">
      <Filter>Header Files</Filter>
    </ClInclude>
    <ClInclude Include="src\gmath\units.h">
      <Filter>Header Files</Filter>
    </ClInclude>
    <ClInclude Include="src\gmath\utils.h">
      <Filter>Header Files</Filter>
    </ClInclude>
    <ClInclude Include="src\gmath\vector.h">
      <Filter>Header Files</Filter>
    </ClInclude>
    <ClInclude Include="src\gmath\internal\units_helper.h">
      <Filter>Header Files</Filter>
    </ClInclude>
    <ClInclude Include="src\gthread\concurrent_bounded_queue.h">
      <Filter>Header Files</Filter>
    </ClInclude>
    <ClInclude Include="src\gthread\concurrent_queue.h">
      <Filter>Header Files</Filter>
    </ClInclude>
    <ClInclude Include="src\gthread\job_manager.h">
      <Filter>Header Files</Filter>
    </ClInclude>
    <ClInclude Include="src\gthread\latch.h">
      <Filter>Header Files</Filter>
    </ClInclude>
    <ClInclude Include="src\gthread\semaphore.h">
      <Filter>Header Files</Filter>
    </ClInclude>
    <ClInclude Include="src\gthread\thread_group.h">
      <Filter>Header Files</Filter>
    </ClInclude>
    <ClInclude Include="src\gtl\span.h">
      <Filter>Header Files</Filter>
    </ClInclude>
    <ClInclude Include="src\gscene\shapes\plane.h">
      <Filter>Header Files</Filter>
    </ClInclude>
    <ClInclude Include="src\grender\integrator.h">
      <Filter>Header Files</Filter>
    </ClInclude>
    <ClInclude Include="src\grender\integrators\blinn_phong_integrator.h">
      <Filter>Header Files</Filter>
    </ClInclude>
    <ClInclude Include="src\grender\camera.h">
      <Filter>Header Files</Filter>
    </ClInclude>
    <ClInclude Include="src\grender\lenses\pinhole_lense.h">
      <Filter>Header Files</Filter>
    </ClInclude>
    <ClInclude Include="src\grender\lense.h">
      <Filter>Header Files</Filter>
    </ClInclude>
    <ClInclude Include="src\grender\sensor.h">
      <Filter>Header Files</Filter>
    </ClInclude>
    <ClInclude Include="src\gtl\cast.h">
      <Filter>Header Files</Filter>
    </ClInclude>
    <ClInclude Include="src\stdafx.h">
      <Filter>Header Files</Filter>
    </ClInclude>
    <ClInclude Include="src\gscene\shapes\disk.h">
      <Filter>Header Files</Filter>
    </ClInclude>
    <ClInclude Include="src\gscene\accelerator.h">
      <Filter>Header Files</Filter>
    </ClInclude>
    <ClInclude Include="src\gscene\accelerators\for_each_accelerator.h">
      <Filter>Header Files</Filter>
    </ClInclude>
    <ClInclude Include="src\gscene\accelerators\kd_accelerator.h">
      <Filter>Header Files</Filter>
    </ClInclude>
    <ClInclude Include="src\gmath\axis_aligned_box.h">
      <Filter>Header Files</Filter>
    </ClInclude>
    <ClInclude Include="src\gmath\ray_hit.h">
      <Filter>Header Files</Filter>
    </ClInclude>
    <ClInclude Include="src\gscene\shapes\mesh.h">
      <Filter>Header Files</Filter>
    </ClInclude>
    <ClInclude Include="src\gscene\resource_library.h">
      <Filter>Header Files</Filter>
    </ClInclude>
    <ClInclude Include="src\gscene\resource.h">
      <Filter>Header Files</Filter>
    </ClInclude>
    <ClInclude Include="src\gscene\resources\mesh_resource.h">
      <Filter>Header Files</Filter>
    </ClInclude>
    <ClInclude Include="src\gscene\resources\material.h">
      <Filter>Header Files</Filter>
    </ClInclude>
    <ClInclude Include="src\gscene\resources\materials\blinn_phong_material.h">
      <Filter>Header Files</Filter>
    </ClInclude>
    <ClInclude Include="src\gscene\lights\point_light.h">
      <Filter>Header Files</Filter>
    </ClInclude>
    <ClInclude Include="src\gthread\task.h">
      <Filter>Header Files</Filter>
    </ClInclude>
    <ClInclude Include="src\gthread\task_group.h">
      <Filter>Header Files</Filter>
    </ClInclude>
    <ClInclude Include="src\gserializer\serializers\json_serializer.h">
      <Filter>Header Files</Filter>
    </ClInclude>
    <ClInclude Include="src\gserializer\serializer.h">
      <Filter>Header Files</Filter>
    </ClInclude>
    <ClInclude Include="src\gserializer\type_factory.h">
      <Filter>Header Files</Filter>
    </ClInclude>
    <ClInclude Include="src\gserializer\gmath_serialization.h">
      <Filter>Header Files</Filter>
    </ClInclude>
  </ItemGroup>
  <ItemGroup>
    <Natvis Include="src\GRayTracer.natvis" />
  </ItemGroup>
  <ItemGroup>
    <ClCompile Include="src\gthread\job_manager.cpp">
      <Filter>Source Files</Filter>
    </ClCompile>
    <ClCompile Include="src\gthread\latch.cpp">
      <Filter>Source Files</Filter>
    </ClCompile>
    <ClCompile Include="src\gthread\thread_group.cpp">
      <Filter>Source Files</Filter>
    </ClCompile>
    <ClCompile Include="src\gscene\scene.cpp">
      <Filter>Source Files</Filter>
    </ClCompile>
    <ClCompile Include="src\gscene\object.cpp">
      <Filter>Source Files</Filter>
    </ClCompile>
    <ClCompile Include="src\gscene\shapes\sphere.cpp">
      <Filter>Source Files</Filter>
    </ClCompile>
    <ClCompile Include="src\gscene\shapes\plane.cpp">
      <Filter>Source Files</Filter>
    </ClCompile>
    <ClCompile Include="src\grender\integrators\blinn_phong_integrator.cpp">
      <Filter>Source Files</Filter>
    </ClCompile>
    <ClCompile Include="src\grender\camera.cpp">
      <Filter>Source Files</Filter>
    </ClCompile>
    <ClCompile Include="src\grender\lenses\pinhole_lense.cpp">
      <Filter>Source Files</Filter>
    </ClCompile>
    <ClCompile Include="src\grender\sensor.cpp">
      <Filter>Source Files</Filter>
    </ClCompile>
    <ClCompile Include="src\stdafx.cpp">
      <Filter>Source Files</Filter>
    </ClCompile>
    <ClCompile Include="src\gscene\shapes\disk.cpp">
      <Filter>Source Files</Filter>
    </ClCompile>
    <ClCompile Include="src\gscene\accelerators\for_each_accelerator.cpp">
      <Filter>Source Files</Filter>
    </ClCompile>
    <ClCompile Include="src\gscene\accelerators\kd_accelerator.cpp">
      <Filter>Source Files</Filter>
    </ClCompile>
    <ClCompile Include="src\gscene\shapes\mesh.cpp">
      <Filter>Source Files</Filter>
    </ClCompile>
    <ClCompile Include="src\gscene\resource_library.cpp">
      <Filter>Source Files</Filter>
    </ClCompile>
    <ClCompile Include="src\gscene\resources\mesh_resource.cpp">
      <Filter>Source Files</Filter>
    </ClCompile>
    <ClCompile Include="src\gscene\lights\point_light.cpp">
      <Filter>Source Files</Filter>
    </ClCompile>
    <ClCompile Include="src\gthread\task_group.cpp">
      <Filter>Source Files</Filter>
    </ClCompile>
    <ClCompile Include="src\gserializer\serializers\json_serializer.cpp">
      <Filter>Source Files</Filter>
    </ClCompile>
    <ClCompile Include="src\gscene\resources\materials\blinn_phong_material.cpp">
      <Filter>Source Files</Filter>
    </ClCompile>
    <ClCompile Include="src\gscene\light.cpp">
      <Filter>Source Files</Filter>
    </ClCompile>
  </ItemGroup>
</Project>